
Microsoft Visual Studio Solution File, Format Version 12.00
# Visual Studio 15
VisualStudioVersion = 15.0.26730.12
MinimumVisualStudioVersion = 10.0.40219.1
Project("{FAE04EC0-301F-11D3-BF4B-00C04F79EFBC}") = "SampleWebAppWithTests", "SampleWebAppWithTests\SampleWebAppWithTests.csproj", "{9B251275-1D79-4D48-83EF-1C1BDC71589C}"
EndProject
Project("{FAE04EC0-301F-11D3-BF4B-00C04F79EFBC}") = "SampleWebAppWithTests.Tests", "SampleWebAppWithTests.Tests\SampleWebAppWithTests.Tests.csproj", "{A60F0F16-CCD7-4940-BFFE-2692A82B0E85}"
EndProject
Global
	GlobalSection(SolutionConfigurationPlatforms) = preSolution
		Debug|Any CPU = Debug|Any CPU
		Release|Any CPU = Release|Any CPU
	EndGlobalSection
	GlobalSection(ProjectConfigurationPlatforms) = postSolution
		{9B251275-1D79-4D48-83EF-1C1BDC71589C}.Debug|Any CPU.ActiveCfg = Debug|Any CPU
		{9B251275-1D79-4D48-83EF-1C1BDC71589C}.Debug|Any CPU.Build.0 = Debug|Any CPU
		{9B251275-1D79-4D48-83EF-1C1BDC71589C}.Release|Any CPU.ActiveCfg = Release|Any CPU
		{9B251275-1D79-4D48-83EF-1C1BDC71589C}.Release|Any CPU.Build.0 = Release|Any CPU
		{A60F0F16-CCD7-4940-BFFE-2692A82B0E85}.Debug|Any CPU.ActiveCfg = Debug|Any CPU
		{A60F0F16-CCD7-4940-BFFE-2692A82B0E85}.Debug|Any CPU.Build.0 = Debug|Any CPU
		{A60F0F16-CCD7-4940-BFFE-2692A82B0E85}.Release|Any CPU.ActiveCfg = Release|Any CPU
		{A60F0F16-CCD7-4940-BFFE-2692A82B0E85}.Release|Any CPU.Build.0 = Release|Any CPU
	EndGlobalSection
	GlobalSection(SolutionProperties) = preSolution
		HideSolutionNode = FALSE
	EndGlobalSection
	GlobalSection(ExtensibilityGlobals) = postSolution
		SolutionGuid = {C304C03E-A5FC-4BCF-A21B-1BD4AC5405C8}
	EndGlobalSection
EndGlobal
